
Microsoft Visual Studio Solution File, Format Version 12.00
# Visual Studio Version 17
VisualStudioVersion = 17.10.35013.160
MinimumVisualStudioVersion = 10.0.40219.1
Project("{8BC9CEB8-8B4A-11D0-8D11-00A0C91BC942}") = "FirstProj1", "FirstProj1.vcxproj", "{7F78E493-5DB3-4170-9124-46B52DC501DB}"
EndProject
Project("{8BC9CEB8-8B4A-11D0-8D11-00A0C91BC942}") = "Multiply", "..\Multiply\Multiply.vcxproj", "{5FDC8094-1AC8-4D7F-AC53-FEDE4851EA9E}"
EndProject
Project("{8BC9CEB8-8B4A-11D0-8D11-00A0C91BC942}") = "Square", "..\Square\Square.vcxproj", "{0ED1AE46-70F5-42BF-9F94-9F7189EB01CD}"
EndProject
Global
	GlobalSection(SolutionConfigurationPlatforms) = preSolution
		Debug|x64 = Debug|x64
		Debug|x86 = Debug|x86
		Release|x64 = Release|x64
		Release|x86 = Release|x86
	EndGlobalSection
	GlobalSection(ProjectConfigurationPlatforms) = postSolution
		{7F78E493-5DB3-4170-9124-46B52DC501DB}.Debug|x64.ActiveCfg = Debug|x64
		{7F78E493-5DB3-4170-9124-46B52DC501DB}.Debug|x64.Build.0 = Debug|x64
		{7F78E493-5DB3-4170-9124-46B52DC501DB}.Debug|x86.ActiveCfg = Debug|Win32
		{7F78E493-5DB3-4170-9124-46B52DC501DB}.Debug|x86.Build.0 = Debug|Win32
		{7F78E493-5DB3-4170-9124-46B52DC501DB}.Release|x64.ActiveCfg = Release|x64
		{7F78E493-5DB3-4170-9124-46B52DC501DB}.Release|x64.Build.0 = Release|x64
		{7F78E493-5DB3-4170-9124-46B52DC501DB}.Release|x86.ActiveCfg = Release|Win32
		{7F78E493-5DB3-4170-9124-46B52DC501DB}.Release|x86.Build.0 = Release|Win32
		{5FDC8094-1AC8-4D7F-AC53-FEDE4851EA9E}.Debug|x64.ActiveCfg = Debug|x64
		{5FDC8094-1AC8-4D7F-AC53-FEDE4851EA9E}.Debug|x64.Build.0 = Debug|x64
		{5FDC8094-1AC8-4D7F-AC53-FEDE4851EA9E}.Debug|x86.ActiveCfg = Debug|Win32
		{5FDC8094-1AC8-4D7F-AC53-FEDE4851EA9E}.Debug|x86.Build.0 = Debug|Win32
		{5FDC8094-1AC8-4D7F-AC53-FEDE4851EA9E}.Release|x64.ActiveCfg = Release|x64
		{5FDC8094-1AC8-4D7F-AC53-FEDE4851EA9E}.Release|x64.Build.0 = Release|x64
		{5FDC8094-1AC8-4D7F-AC53-FEDE4851EA9E}.Release|x86.ActiveCfg = Release|Win32
		{5FDC8094-1AC8-4D7F-AC53-FEDE4851EA9E}.Release|x86.Build.0 = Release|Win32
		{0ED1AE46-70F5-42BF-9F94-9F7189EB01CD}.Debug|x64.ActiveCfg = Debug|x64
		{0ED1AE46-70F5-42BF-9F94-9F7189EB01CD}.Debug|x64.Build.0 = Debug|x64
		{0ED1AE46-70F5-42BF-9F94-9F7189EB01CD}.Debug|x86.ActiveCfg = Debug|Win32
		{0ED1AE46-70F5-42BF-9F94-9F7189EB01CD}.Debug|x86.Build.0 = Debug|Win32
		{0ED1AE46-70F5-42BF-9F94-9F7189EB01CD}.Release|x64.ActiveCfg = Release|x64
		{0ED1AE46-70F5-42BF-9F94-9F7189EB01CD}.Release|x64.Build.0 = Release|x64
		{0ED1AE46-70F5-42BF-9F94-9F7189EB01CD}.Release|x86.ActiveCfg = Release|Win32
		{0ED1AE46-70F5-42BF-9F94-9F7189EB01CD}.Release|x86.Build.0 = Release|Win32
	EndGlobalSection
	GlobalSection(SolutionProperties) = preSolution
		HideSolutionNode = FALSE
	EndGlobalSection
	GlobalSection(ExtensibilityGlobals) = postSolution
		SolutionGuid = {B80FD455-306D-4265-944A-1B787DDE08F0}
	EndGlobalSection
EndGlobal
